Microsoft Visual Studio Solution File, Format Version 12.00
# Visual Studio Version 16
VisualStudioVersion = 16.0.31313.79
MinimumVisualStudioVersion = 10.0.40219.1
Project("{9A19103F-16F7-4668-BE54-9A1E7A4F7556}") = "SplunkLogger", "SplunkLogger\SplunkLogger.csproj", "{D27CB77A-827E-4582-AFD0-D515B55C7C13}"
EndProject
Project("{9A19103F-16F7-4668-BE54-9A1E7A4F7556}") = "splunkWebApi", "SampleWebApi\splunkWebApi.csproj", "{BFA65482-14CC-4502-B831-77DFE7D8FDED}"
EndProject
Global
	GlobalSection(SolutionConfigurationPlatforms) = preSolution
		Debug|Any CPU = Debug|Any CPU
		Release|Any CPU = Release|Any CPU
	EndGlobalSection
	GlobalSection(ProjectConfigurationPlatforms) = postSolution
		{D27CB77A-827E-4582-AFD0-D515B55C7C13}.Debug|Any CPU.ActiveCfg = Debug|Any CPU
		{D27CB77A-827E-4582-AFD0-D515B55C7C13}.Debug|Any CPU.Build.0 = Debug|Any CPU
		{D27CB77A-827E-4582-AFD0-D515B55C7C13}.Release|Any CPU.ActiveCfg = Release|Any CPU
		{D27CB77A-827E-4582-AFD0-D515B55C7C13}.Release|Any CPU.Build.0 = Release|Any CPU
		{BFA65482-14CC-4502-B831-77DFE7D8FDED}.Debug|Any CPU.ActiveCfg = Debug|Any CPU
		{BFA65482-14CC-4502-B831-77DFE7D8FDED}.Debug|Any CPU.Build.0 = Debug|Any CPU
		{BFA65482-14CC-4502-B831-77DFE7D8FDED}.Release|Any CPU.ActiveCfg = Release|Any CPU
		{BFA65482-14CC-4502-B831-77DFE7D8FDED}.Release|Any CPU.Build.0 = Release|Any CPU
	EndGlobalSection
	GlobalSection(SolutionProperties) = preSolution
		HideSolutionNode = FALSE
	EndGlobalSection
	GlobalSection(ExtensibilityGlobals) = postSolution
		SolutionGuid = {85D96DB3-CCFB-4769-9837-5EF5BC9F5E03}
	EndGlobalSection
	GlobalSection(MonoDevelopProperties) = preSolution
		description = C# .Net Core 2 Splunk ILogger Compatible Implementation
		version = 1.1.3
	EndGlobalSection
EndGlobal
